// !$*UTF8*$!
{
	archiveVersion = 1;
	classes = {
	};
	objectVersion = 50;
	objects = {

/* Begin PBXBuildFile section */
		239ED00F249CF5A200C6CBE0 /* AppDelegate.m in Sources */ = {isa = PBXBuildFile; fileRef = 239ED00E249CF5A200C6CBE0 /* AppDelegate.m */; };
		239ED012249CF5A200C6CBE0 /* SceneDelegate.m in Sources */ = {isa = PBXBuildFile; fileRef = 239ED011249CF5A200C6CBE0 /* SceneDelegate.m */; };
		239ED015249CF5A200C6CBE0 /* ViewController.m in Sources */ = {isa = PBXBuildFile; fileRef = 239ED014249CF5A200C6CBE0 /* ViewController.m */; };
		239ED018249CF5A200C6CBE0 /* Main.storyboard in Resources */ = {isa = PBXBuildFile; fileRef = 239ED016249CF5A200C6CBE0 /* Main.storyboard */; };
		239ED01A249CF5A200C6CBE0 /* Assets.xcassets in Resources */ = {isa = PBXBuildFile; fileRef = 239ED019249CF5A200C6CBE0 /* Assets.xcassets */; };
		239ED01D249CF5A200C6CBE0 /* LaunchScreen.storyboard in Resources */ = {isa = PBXBuildFile; fileRef = 239ED01B249CF5A200C6CBE0 /* LaunchScreen.storyboard */; };
		239ED020249CF5A200C6CBE0 /* main.m in Sources */ = {isa = PBXBuildFile; fileRef = 239ED01F249CF5A200C6CBE0 /* main.m */; };
		239ED029249CF62000C6CBE0 /* CFPersonM.m in Sources */ = {isa = PBXBuildFile; fileRef = 239ED028249CF62000C6CBE0 /* CFPersonM.m */; };
/* End PBXBuildFile section */

/* Begin PBXFileReference section */
		239ED00A249CF5A100C6CBE0 /* CFPer.app */ = {isa = PBXFileReference; explicitFileType = wrapper.application; includeInIndex = 0; path = CFPer.app; sourceTree = BUILT_PRODUCTS_DIR; };
		239ED00D249CF5A200C6CBE0 /* AppDelegate.h */ = {isa = PBXFileReference; lastKnownFileType = sourcecode.c.h; path = AppDelegate.h; sourceTree = "<group>"; };
		239ED00E249CF5A200C6CBE0 /* AppDelegate.m */ = {isa = PBXFileReference; lastKnownFileType = sourcecode.c.objc; path = AppDelegate.m; sourceTree = "<group>"; };
		239ED010249CF5A200C6CBE0 /* SceneDelegate.h */ = {isa = PBXFileReference; lastKnownFileType = sourcecode.c.h; path = SceneDelegate.h; sourceTree = "<group>"; };
		239ED011249CF5A200C6CBE0 /* SceneDelegate.m */ = {isa = PBXFileReference; lastKnownFileType = sourcecode.c.objc; path = SceneDelegate.m; sourceTree = "<group>"; };
		239ED013249CF5A200C6CBE0 /* ViewController.h */ = {isa = PBXFileReference; lastKnownFileType = sourcecode.c.h; path = ViewController.h; sourceTree = "<group>"; };
		239ED014249CF5A200C6CBE0 /* ViewController.m */ = {isa = PBXFileReference; lastKnownFileType = sourcecode.c.objc; path = ViewController.m; sourceTree = "<group>"; };
		239ED017249CF5A200C6CBE0 /* Base */ = {isa = PBXFileReference; lastKnownFileType = file.storyboard; name = Base; path = Base.lproj/Main.storyboard; sourceTree = "<group>"; };
		239ED019249CF5A200C6CBE0 /* Assets.xcassets */ = {isa = PBXFileReference; lastKnownFileType = folder.assetcatalog; path = Assets.xcassets; sourceTree = "<group>"; };
		239ED01C249CF5A200C6CBE0 /* Base */ = {isa = PBXFileReference; lastKnownFileType = file.storyboard; name = Base; path = Base.lproj/LaunchScreen.storyboard; sourceTree = "<group>"; };
		239ED01E249CF5A200C6CBE0 /* Info.plist */ = {isa = PBXFileReference; lastKnownFileType = text.plist.xml; path = Info.plist; sourceTree = "<group>"; };
		239ED01F249CF5A200C6CBE0 /* main.m */ = {isa = PBXFileReference; lastKnownFileType = sourcecode.c.objc; path = main.m; sourceTree = "<group>"; };
		239ED027249CF62000C6CBE0 /* CFPersonM.h */ = {isa = PBXFileReference; lastKnownFileType = sourcecode.c.h; path = CFPersonM.h; sourceTree = "<group>"; };
		239ED028249CF62000C6CBE0 /* CFPersonM.m */ = {isa = PBXFileReference; lastKnownFileType = sourcecode.c.objc; path = CFPersonM.m; sourceTree = "<group>"; };
/* End PBXFileReference section */

/* Begin PBXFrameworksBuildPhase section */
		239ED007249CF5A100C6CBE0 /* Frameworks */ = {
			isa = PBXFrameworksBuildPhase;
			buildActionMask = 2147483647;
			files = (
			);
			runOnlyForDeploymentPostprocessing = 0;
		};
/* End PBXFrameworksBuildPhase section */

/* Begin PBXGroup section */
		239ED001249CF5A100C6CBE0 = {
			isa = PBXGroup;
			children = (
				239ED00C249CF5A200C6CBE0 /* CFPer */,
				239ED00B249CF5A100C6CBE0 /* Products */,
			);
			sourceTree = "<group>";
		};
		239ED00B249CF5A100C6CBE0 /* Products */ = {
			isa = PBXGroup;
			children = (
				239ED00A249CF5A100C6CBE0 /* CFPer.app */,
			);
			name = Products;
			sourceTree = "<group>";
		};
		239ED00C249CF5A200C6CBE0 /* CFPer */ = {
			isa = PBXGroup;
			children = (
				239ED026249CF5D100C6CBE0 /* 我的框架 */,
				239ED00D249CF5A200C6CBE0 /* AppDelegate.h */,
				239ED00E249CF5A200C6CBE0 /* AppDelegate.m */,
				239ED010249CF5A200C6CBE0 /* SceneDelegate.h */,
				239ED011249CF5A200C6CBE0 /* SceneDelegate.m */,
				239ED013249CF5A200C6CBE0 /* ViewController.h */,
				239ED014249CF5A200C6CBE0 /* ViewController.m */,
				239ED016249CF5A200C6CBE0 /* Main.storyboard */,
				239ED019249CF5A200C6CBE0 /* Assets.xcassets */,
				239ED01B249CF5A200C6CBE0 /* LaunchScreen.storyboard */,
				239ED01E249CF5A200C6CBE0 /* Info.plist */,
				239ED01F249CF5A200C6CBE0 /* main.m */,
			);
			path = CFPer;
			sourceTree = "<group>";
		};
		239ED026249CF5D100C6CBE0 /* 我的框架 */ = {
			isa = PBXGroup;
			children = (
				239ED027249CF62000C6CBE0 /* CFPersonM.h */,
				239ED028249CF62000C6CBE0 /* CFPersonM.m */,
			);
			path = "我的框架";
			sourceTree = "<group>";
		};
/* End PBXGroup section */

/* Begin PBXNativeTarget section */
		239ED009249CF5A100C6CBE0 /* CFPer */ = {
			isa = PBXNativeTarget;
			buildConfigurationList = 239ED023249CF5A200C6CBE0 /* Build configuration list for PBXNativeTarget "CFPer" */;
			buildPhases = (
				239ED006249CF5A100C6CBE0 /* Sources */,
				239ED007249CF5A100C6CBE0 /* Frameworks */,
				239ED008249CF5A100C6CBE0 /* Resources */,
			);
			buildRules = (
			);
			dependencies = (
			);
			name = CFPer;
			productName = CFPer;
			productReference = 239ED00A249CF5A100C6CBE0 /* CFPer.app */;
			productType = "com.apple.product-type.application";
		};
/* End PBXNativeTarget section */

/* Begin PBXProject section */
		239ED002249CF5A100C6CBE0 /* Project object */ = {
			isa = PBXProject;
			attributes = {
				LastUpgradeCheck = 1100;
				ORGANIZATIONNAME = "feiyang cai";
				TargetAttributes = {
					239ED009249CF5A100C6CBE0 = {
						CreatedOnToolsVersion = 11.0;
					};
				};
			};
			buildConfigurationList = 239ED005249CF5A100C6CBE0 /* Build configuration list for PBXProject "CFPer" */;
			compatibilityVersion = "Xcode 9.3";
			developmentRegion = en;
			hasScannedForEncodings = 0;
			knownRegions = (
				en,
				Base,
			);
			mainGroup = 239ED001249CF5A100C6CBE0;
			productRefGroup = 239ED00B249CF5A100C6CBE0 /* Products */;
			projectDirPath = "";
			projectRoot = "";
			targets = (
				239ED009249CF5A100C6CBE0 /* CFPer */,
			);
		};
/* End PBXProject section */

/* Begin PBXResourcesBuildPhase section */
		239ED008249CF5A100C6CBE0 /* Resources */ = {
			isa = PBXResourcesBuildPhase;
			buildActionMask = 2147483647;
			files = (
				239ED01D249CF5A200C6CBE0 /* LaunchScreen.storyboard in Resources */,
				239ED01A249CF5A200C6CBE0 /* Assets.xcassets in Resources */,
				239ED018249CF5A200C6CBE0 /* Main.storyboard in Resources */,
			);
			runOnlyForDeploymentPostprocessing = 0;
		};
/* End PBXResourcesBuildPhase section */

/* Begin PBXSourcesBuildPhase section */
		239ED006249CF5A100C6CBE0 /* Sources */ = {
			isa = PBXSourcesBuildPhase;
			buildActionMask = 2147483647;
			files = (
				239ED015249CF5A200C6CBE0 /* ViewController.m in Sources */,
				239ED00F249CF5A200C6CBE0 /* AppDelegate.m in Sources */,
				239ED020249CF5A200C6CBE0 /* main.m in Sources */,
				239ED029249CF62000C6CBE0 /* CFPersonM.m in Sources */,
				239ED012249CF5A200C6CBE0 /* SceneDelegate.m in Sources */,
			);
			runOnlyForDeploymentPostprocessing = 0;
		};
/* End PBXSourcesBuildPhase section */

/* Begin PBXVariantGroup section */
		239ED016249CF5A200C6CBE0 /* Main.storyboard */ = {
			isa = PBXVariantGroup;
			children = (
				239ED017249CF5A200C6CBE0 /* Base */,
			);
			name = Main.storyboard;
			sourceTree = "<group>";
		};
		239ED01B249CF5A200C6CBE0 /* LaunchScreen.storyboard */ = {
			isa = PBXVariantGroup;
			children = (
				239ED01C249CF5A200C6CBE0 /* Base */,
			);
			name = LaunchScreen.storyboard;
			sourceTree = "<group>";
		};
/* End PBXVariantGroup section */

/* Begin XCBuildConfiguration section */
		239ED021249CF5A200C6CBE0 /* Debug */ = {
			isa = XCBuildConfiguration;
			buildSettings = {
				ALWAYS_SEARCH_USER_PATHS = NO;
				CLANG_ANALYZER_NONNULL = YES;
				CLANG_ANALYZER_NUMBER_OBJECT_CONVERSION = YES_AGGRESSIVE;
				CLANG_CXX_LANGUAGE_STANDARD = "gnu++14";
				CLANG_CXX_LIBRARY = "libc++";
				CLANG_ENABLE_MODULES = YES;
				CLANG_ENABLE_OBJC_ARC = YES;
				CLANG_ENABLE_OBJC_WEAK = YES;
				CLANG_WARN_BLOCK_CAPTURE_AUTORELEASING = YES;
				CLANG_WARN_BOOL_CONVERSION = YES;
				CLANG_WARN_COMMA = YES;
				CLANG_WARN_CONSTANT_CONVERSION = YES;
				CLANG_WARN_DEPRECATED_OBJC_IMPLEMENTATIONS = YES;
				CLANG_WARN_DIRECT_OBJC_ISA_USAGE = YES_ERROR;
				CLANG_WARN_DOCUMENTATION_COMMENTS = YES;
				CLANG_WARN_EMPTY_BODY = YES;
				CLANG_WARN_ENUM_CONVERSION = YES;
				CLANG_WARN_INFINITE_RECURSION = YES;
				CLANG_WARN_INT_CONVERSION = YES;
				CLANG_WARN_NON_LITERAL_NULL_CONVERSION = YES;
				CLANG_WARN_OBJC_IMPLICIT_RETAIN_SELF = YES;
				CLANG_WARN_OBJC_LITERAL_CONVERSION = YES;
				CLANG_WARN_OBJC_ROOT_CLASS = YES_ERROR;
				CLANG_WARN_RANGE_LOOP_ANALYSIS = YES;
				CLANG_WARN_STRICT_PROTOTYPES = YES;
				CLANG_WARN_SUSPICIOUS_MOVE = YES;
				CLANG_WARN_UNGUARDED_AVAILABILITY = YES_AGGRESSIVE;
				CLANG_WARN_UNREACHABLE_CODE = YES;
				CLANG_WARN__DUPLICATE_METHOD_MATCH = YES;
				COPY_PHASE_STRIP = NO;
				DEBUG_INFORMATION_FORMAT = dwarf;
				ENABLE_STRICT_OBJC_MSGSEND = YES;
				ENABLE_TESTABILITY = YES;
				GCC_C_LANGUAGE_STANDARD = gnu11;
				GCC_DYNAMIC_NO_PIC = NO;
				GCC_NO_COMMON_BLOCKS = YES;
				GCC_OPTIMIZATION_LEVEL = 0;
				GCC_PREPROCESSOR_DEFINITIONS = (
					"DEBUG=1",
					"$(inherited)",
				);
				GCC_WARN_64_TO_32_BIT_CONVERSION = YES;
				GCC_WARN_ABOUT_RETURN_TYPE = YES_ERROR;
				GCC_WARN_UNDECLARED_SELECTOR = YES;
				GCC_WARN_UNINITIALIZED_AUTOS = YES_AGGRESSIVE;
				GCC_WARN_UNUSED_FUNCTION = YES;
				GCC_WARN_UNUSED_VARIABLE = YES;
				IPHONEOS_DEPLOYMENT_TARGET = 13.0;
				MTL_ENABLE_DEBUG_INFO = INCLUDE_SOURCE;
				MTL_FAST_MATH = YES;
				ONLY_ACTIVE_ARCH = YES;
				SDKROOT = iphoneos;
			};
			name = Debug;
		};
		239ED022249CF5A200C6CBE0 /* Release */ = {
			isa = XCBuildConfiguration;
			buildSettings = {
				ALWAYS_SEARCH_USER_PATHS = NO;
				CLANG_ANALYZER_NONNULL = YES;
				CLANG_ANALYZER_NUMBER_OBJECT_CONVERSION = YES_AGGRESSIVE;
				CLANG_CXX_LANGUAGE_STANDARD = "gnu++14";
				CLANG_CXX_LIBRARY = "libc++";
				CLANG_ENABLE_MODULES = YES;
				CLANG_ENABLE_OBJC_ARC = YES;
				CLANG_ENABLE_OBJC_WEAK = YES;
				CLANG_WARN_BLOCK_CAPTURE_AUTORELEASING = YES;
				CLANG_WARN_BOOL_CONVERSION = YES;
				CLANG_WARN_COMMA = YES;
				CLANG_WARN_CONSTANT_CONVERSION = YES;
				CLANG_WARN_DEPRECATED_OBJC_IMPLEMENTATIONS = YES;
				CLANG_WARN_DIRECT_OBJC_ISA_USAGE = YES_ERROR;
				CLANG_WARN_DOCUMENTATION_COMMENTS = YES;
				CLANG_WARN_EMPTY_BODY = YES;
				CLANG_WARN_ENUM_CONVERSION = YES;
				CLANG_WARN_INFINITE_RECURSION = YES;
				CLANG_WARN_INT_CONVERSION = YES;
				CLANG_WARN_NON_LITERAL_NULL_CONVERSION = YES;
				CLANG_WARN_OBJC_IMPLICIT_RETAIN_SELF = YES;
				CLANG_WARN_OBJC_LITERAL_CONVERSION = YES;
				CLANG_WARN_OBJC_ROOT_CLASS = YES_ERROR;
				CLANG_WARN_RANGE_LOOP_ANALYSIS = YES;
				CLANG_WARN_STRICT_PROTOTYPES = YES;
				CLANG_WARN_SUSPICIOUS_MOVE = YES;
				CLANG_WARN_UNGUARDED_AVAILABILITY = YES_AGGRESSIVE;
				CLANG_WARN_UNREACHABLE_CODE = YES;
				CLANG_WARN__DUPLICATE_METHOD_MATCH = YES;
				COPY_PHASE_STRIP = NO;
				DEBUG_INFORMATION_FORMAT = "dwarf-with-dsym";
				ENABLE_NS_ASSERTIONS = NO;
				ENABLE_STRICT_OBJC_MSGSEND = YES;
				GCC_C_LANGUAGE_STANDARD = gnu11;
				GCC_NO_COMMON_BLOCKS = YES;
				GCC_WARN_64_TO_32_BIT_CONVERSION = YES;
				GCC_WARN_ABOUT_RETURN_TYPE = YES_ERROR;
				GCC_WARN_UNDECLARED_SELECTOR = YES;
				GCC_WARN_UNINITIALIZED_AUTOS = YES_AGGRESSIVE;
				GCC_WARN_UNUSED_FUNCTION = YES;
				GCC_WARN_UNUSED_VARIABLE = YES;
				IPHONEOS_DEPLOYMENT_TARGET = 13.0;
				MTL_ENABLE_DEBUG_INFO = NO;
				MTL_FAST_MATH = YES;
				SDKROOT = iphoneos;
				VALIDATE_PRODUCT = YES;
			};
			name = Release;
		};
		239ED024249CF5A200C6CBE0 /* Debug */ = {
			isa = XCBuildConfiguration;
			buildSettings = {
				ASSETCATALOG_COMPILER_APPICON_NAME = AppIcon;
				CODE_SIGN_STYLE = Automatic;
				DEVELOPMENT_TEAM = NA942UM346;
				INFOPLIST_FILE = CFPer/Info.plist;
				IPHONEOS_DEPLOYMENT_TARGET = 9.0;
				LD_RUNPATH_SEARCH_PATHS = (
					"$(inherited)",
					"@executable_path/Frameworks",
				);
				PRODUCT_BUNDLE_IDENTIFIER = com.macfei.fei.CFPer;
				PRODUCT_NAME = "$(TARGET_NAME)";
				TARGETED_DEVICE_FAMILY = "1,2";
			};
			name = Debug;
		};
		239ED025249CF5A200C6CBE0 /* Release */ = {
			isa = XCBuildConfiguration;
			buildSettings = {
				ASSETCATALOG_COMPILER_APPICON_NAME = AppIcon;
				CODE_SIGN_STYLE = Automatic;
				DEVELOPMENT_TEAM = NA942UM346;
				INFOPLIST_FILE = CFPer/Info.plist;
				IPHONEOS_DEPLOYMENT_TARGET = 9.0;
				LD_RUNPATH_SEARCH_PATHS = (
					"$(inherited)",
					"@executable_path/Frameworks",
				);
				PRODUCT_BUNDLE_IDENTIFIER = com.macfei.fei.CFPer;
				PRODUCT_NAME = "$(TARGET_NAME)";
				TARGETED_DEVICE_FAMILY = "1,2";
			};
			name = Release;
		};
/* End XCBuildConfiguration section */

/* Begin XCConfigurationList section */
		239ED005249CF5A100C6CBE0 /* Build configuration list for PBXProject "CFPer" */ = {
			isa = XCConfigurationList;
			buildConfigurations = (
				239ED021249CF5A200C6CBE0 /* Debug */,
				239ED022249CF5A200C6CBE0 /* Release */,
			);
			defaultConfigurationIsVisible = 0;
			defaultConfigurationName = Release;
		};
		239ED023249CF5A200C6CBE0 /* Build configuration list for PBXNativeTarget "CFPer" */ = {
			isa = XCConfigurationList;
			buildConfigurations = (
				239ED024249CF5A200C6CBE0 /* Debug */,
				239ED025249CF5A200C6CBE0 /* Release */,
			);
			defaultConfigurationIsVisible = 0;
			defaultConfigurationName = Release;
		};
/* End XCConfigurationList section */
	};
	rootObject = 239ED002249CF5A100C6CBE0 /* Project object */;
}
